{
  "nodes": {
    "base16changer": {
      "inputs": {
        "nixpkgs": "nixpkgs"
      },
      "locked": {
        "lastModified": 1779122770,
        "narHash": "sha256-Ww+QarcKErtyqzEuo0Ccp1fwDhRLJmxjQKpmwNjwQgg=",
        "owner": "jaycee1285",
        "repo": "base16changer",
        "rev": "0353db100229c3817255f204e341e209702a4b9e",
        "type": "github"
      },
      "original": {
        "owner": "jaycee1285",
        "repo": "base16changer",
        "type": "github"
      }
    },
    "config": {
      "inputs": {
        "base16changer": "base16changer",
        "helium-nix": "helium-nix",
        "home-manager": "home-manager",
        "intentile": "intentile",
        "nix-index-database": "nix-index-database",
        "nixpkgs": "nixpkgs_4",
        "nixpkgs-labwc-092": "nixpkgs-labwc-092",
        "nixpkgs-unstable": "nixpkgs-unstable",
        "openswarm-src": "openswarm-src",
        "sartwc": "sartwc",
        "walls": "walls"
      },
      "locked": {
        "lastModified": 1779985147,
        "narHash": "sha256-OjhG0HPgtWBQMtb6JbneUjmdLTf9pdNwTOB8phsHa1Y=",
        "owner": "jaycee1285",
        "repo": "config",
        "rev": "59b04d7e49b910b40d5119cccb9e07fa91f85e82",
        "type": "github"
      },
      "original": {
        "owner": "jaycee1285",
        "repo": "config",
        "type": "github"
      }
    },
    "flake-utils": {
      "inputs": {
        "systems": "systems_2"
      },
      "locked": {
        "lastModified": 1731533236,
        "narHash": "sha256-l0KFg5HjrsfsO/JpG+r7fRrqm12kzFHyUHqHCVpMMbI=",
        "owner": "numtide",
        "repo": "flake-utils",
        "rev": "11707dc2f618dd54ca8739b309ec4fc024de578b",
        "type": "github"
      },
      "original": {
        "owner": "numtide",
        "repo": "flake-utils",
        "type": "github"
      }
    },
    "flake-utils_2": {
      "inputs": {
        "systems": "systems_3"
      },
      "locked": {
        "lastModified": 1731533236,
        "narHash": "sha256-l0KFg5HjrsfsO/JpG+r7fRrqm12kzFHyUHqHCVpMMbI=",
        "owner": "numtide",
        "repo": "flake-utils",
        "rev": "11707dc2f618dd54ca8739b309ec4fc024de578b",
        "type": "github"
      },
      "original": {
        "owner": "numtide",
        "repo": "flake-utils",
        "type": "github"
      }
    },
    "helium-nix": {
      "inputs": {
        "nixpkgs": "nixpkgs_2",
        "utils": "utils"
      },
      "locked": {
        "lastModified": 1779508010,
        "narHash": "sha256-7Wcp38Saw8cnyfc1OyjsxiF0btKBaL5KcHV+q9ljsns=",
        "owner": "schembriaiden",
        "repo": "helium-browser-nix-flake",
        "rev": "4e6b8bdd6692db7f2357e4dd86444914e53ec095",
        "type": "github"
      },
      "original": {
        "owner": "schembriaiden",
        "repo": "helium-browser-nix-flake",
        "type": "github"
      }
    },
    "home-manager": {
      "inputs": {
        "nixpkgs": "nixpkgs_3"
      },
      "locked": {
        "lastModified": 1779969295,
        "narHash": "sha256-HwIJ3tOcwSMiV75L7KqJXciXR9UfT+d7rwOZMX7cTnA=",
        "owner": "nix-community",
        "repo": "home-manager",
        "rev": "61e2c9659324181e0f0ed911958c536333b1d4f6",
        "type": "github"
      },
      "original": {
        "owner": "nix-community",
        "repo": "home-manager",
        "type": "github"
      }
    },
    "intentile": {
      "inputs": {
        "flake-utils": "flake-utils",
        "nixpkgs": [
          "config",
          "nixpkgs"
        ]
      },
      "locked": {
        "lastModified": 1771986173,
        "narHash": "sha256-nT2w0wWmppOGqFAFyi02JJS9WTRwHUvS35HbYFjfVAc=",
        "owner": "jaycee1285",
        "repo": "intentile",
        "rev": "e14fdb3f18cbd39613f5240a46ef80c26acf603b",
        "type": "github"
      },
      "original": {
        "owner": "jaycee1285",
        "repo": "intentile",
        "type": "github"
      }
    },
    "nix-index-database": {
      "inputs": {
        "nixpkgs": [
          "config",
          "nixpkgs"
        ]
      },
      "locked": {
        "lastModified": 1779604987,
        "narHash": "sha256-ZQ5z+fVhxYKtIFwtqGp5O0PD84BM1riASvqDaN5Xs+s=",
        "owner": "nix-community",
        "repo": "nix-index-database",
        "rev": "8fba98c80b48fa013820e0163c5096922fea4ddd",
        "type": "github"
      },
      "original": {
        "owner": "nix-community",
        "repo": "nix-index-database",
        "type": "github"
      }
    },
    "nixpkgs": {
      "locked": {
        "lastModified": 1778869304,
        "narHash": "sha256-30sZNZoA1cqF5JNO9fVX+wgiQYjB7HJqqJ4ztCDeBZE=",
        "owner": "NixOS",
        "repo": "nixpkgs",
        "rev": "d233902339c02a9c334e7e593de68855ad26c4cb",
        "type": "github"
      },
      "original": {
        "owner": "NixOS",
        "ref": "nixos-unstable",
        "repo": "nixpkgs",
        "type": "github"
      }
    },
    "nixpkgs-labwc-092": {
      "locked": {
        "lastModified": 1770197578,
        "narHash": "sha256-AYqlWrX09+HvGs8zM6ebZ1pwUqjkfpnv8mewYwAo+iM=",
        "owner": "NixOS",
        "repo": "nixpkgs",
        "rev": "00c21e4c93d963c50d4c0c89bfa84ed6e0694df2",
        "type": "github"
      },
      "original": {
        "owner": "NixOS",
        "repo": "nixpkgs",
        "rev": "00c21e4c93d963c50d4c0c89bfa84ed6e0694df2",
        "type": "github"
      }
    },
    "nixpkgs-unstable": {
      "locked": {
        "lastModified": 1779560665,
        "narHash": "sha256-tpyBcxPpcQb8ukyNF7DoCwfSY3VPsxHoYwj00Cayv5o=",
        "owner": "NixOS",
        "repo": "nixpkgs",
        "rev": "64c08a7ca051951c8eae34e3e3cb1e202fe36786",
        "type": "github"
      },
      "original": {
        "owner": "NixOS",
        "ref": "nixos-unstable",
        "repo": "nixpkgs",
        "type": "github"
      }
    },
    "nixpkgs_2": {
      "locked": {
        "lastModified": 1779357205,
        "narHash": "sha256-cCO8aTqss5x9Ky8GWkpY0Hy5fyTZEbtifSUV8QjSzic=",
        "owner": "NixOS",
        "repo": "nixpkgs",
        "rev": "f83fc3c307e74bc5fd5adb7eb6b8b13ffd2a36e1",
        "type": "github"
      },
      "original": {
        "owner": "NixOS",
        "ref": "nixos-unstable",
        "repo": "nixpkgs",
        "type": "github"
      }
    },
    "nixpkgs_3": {
      "locked": {
        "lastModified": 1779508470,
        "narHash": "sha256-Ap9KJX+5xHIn3bPIpfNgT6MEXdAECECwo4/rmlQD74M=",
        "owner": "NixOS",
        "repo": "nixpkgs",
        "rev": "29916453413845e54a65b8a1cf996842300cd299",
        "type": "github"
      },
      "original": {
        "owner": "NixOS",
        "ref": "nixos-unstable",
        "repo": "nixpkgs",
        "type": "github"
      }
    },
    "nixpkgs_4": {
      "locked": {
        "lastModified": 1779560665,
        "narHash": "sha256-tpyBcxPpcQb8ukyNF7DoCwfSY3VPsxHoYwj00Cayv5o=",
        "owner": "NixOS",
        "repo": "nixpkgs",
        "rev": "64c08a7ca051951c8eae34e3e3cb1e202fe36786",
        "type": "github"
      },
      "original": {
        "owner": "NixOS",
        "ref": "nixos-unstable",
        "repo": "nixpkgs",
        "type": "github"
      }
    },
    "nixpkgs_5": {
      "locked": {
        "lastModified": 1779560665,
        "narHash": "sha256-tpyBcxPpcQb8ukyNF7DoCwfSY3VPsxHoYwj00Cayv5o=",
        "owner": "NixOS",
        "repo": "nixpkgs",
        "rev": "64c08a7ca051951c8eae34e3e3cb1e202fe36786",
        "type": "github"
      },
      "original": {
        "owner": "NixOS",
        "ref": "nixos-unstable",
        "repo": "nixpkgs",
        "type": "github"
      }
    },
    "openswarm-src": {
      "flake": false,
      "locked": {
        "lastModified": 1773608321,
        "narHash": "sha256-Y6zcs60v2YjEHNZXKjr0PtvR0Pcj655Ere5rqFScWn0=",
        "owner": "jaycee1285",
        "repo": "OpenSwarm",
        "rev": "eed195f10a03847effef109de96e730c2d027694",
        "type": "github"
      },
      "original": {
        "owner": "jaycee1285",
        "repo": "OpenSwarm",
        "type": "github"
      }
    },
    "root": {
      "inputs": {
        "config": "config",
        "flake-utils": "flake-utils_2",
        "nixpkgs": [
          "config",
          "nixpkgs"
        ]
      }
    },
    "sartwc": {
      "inputs": {
        "nixpkgs": [
          "config",
          "nixpkgs"
        ]
      },
      "locked": {
        "lastModified": 1771986188,
        "narHash": "sha256-lisz9QUyncFxE6U1vjNy7rsc541vTGXFhkjfmqK15Ko=",
        "owner": "jaycee1285",
        "repo": "sartwc",
        "rev": "ff3846f9136279ed892717debf12859ab7c063a6",
        "type": "github"
      },
      "original": {
        "owner": "jaycee1285",
        "repo": "sartwc",
        "type": "github"
      }
    },
    "systems": {
      "locked": {
        "lastModified": 1681028828,
        "narHash": "sha256-Vy1rq5AaRuLzOxct8nz4T6wlgyUR7zLU309k9mBC768=",
        "owner": "nix-systems",
        "repo": "default",
        "rev": "da67096a3b9bf56a91d16901293e51ba5b49a27e",
        "type": "github"
      },
      "original": {
        "owner": "nix-systems",
        "repo": "default",
        "type": "github"
      }
    },
    "systems_2": {
      "locked": {
        "lastModified": 1681028828,
        "narHash": "sha256-Vy1rq5AaRuLzOxct8nz4T6wlgyUR7zLU309k9mBC768=",
        "owner": "nix-systems",
        "repo": "default",
        "rev": "da67096a3b9bf56a91d16901293e51ba5b49a27e",
        "type": "github"
      },
      "original": {
        "owner": "nix-systems",
        "repo": "default",
        "type": "github"
      }
    },
    "systems_3": {
      "locked": {
        "lastModified": 1681028828,
        "narHash": "sha256-Vy1rq5AaRuLzOxct8nz4T6wlgyUR7zLU309k9mBC768=",
        "owner": "nix-systems",
        "repo": "default",
        "rev": "da67096a3b9bf56a91d16901293e51ba5b49a27e",
        "type": "github"
      },
      "original": {
        "owner": "nix-systems",
        "repo": "default",
        "type": "github"
      }
    },
    "utils": {
      "inputs": {
        "systems": "systems"
      },
      "locked": {
        "lastModified": 1731533236,
        "narHash": "sha256-l0KFg5HjrsfsO/JpG+r7fRrqm12kzFHyUHqHCVpMMbI=",
        "owner": "numtide",
        "repo": "flake-utils",
        "rev": "11707dc2f618dd54ca8739b309ec4fc024de578b",
        "type": "github"
      },
      "original": {
        "owner": "numtide",
        "repo": "flake-utils",
        "type": "github"
      }
    },
    "walls": {
      "inputs": {
        "nixpkgs": "nixpkgs_5"
      },
      "locked": {
        "lastModified": 1769286880,
        "narHash": "sha256-CNt97N5Dtmd3XXHtUwElExEIgSqyBRN3SIr+0OqxUbY=",
        "owner": "jaycee1285",
        "repo": "walls",
        "rev": "d9bee9681f425077b1a7690232b37933052fddc3",
        "type": "github"
      },
      "original": {
        "owner": "jaycee1285",
        "repo": "walls",
        "type": "github"
      }
    }
  },
  "root": "root",
  "version": 7
}
